
Microsoft Visual Studio Solution File, Format Version 11.00
# Visual Studio 2010
Project("{FAE04EC0-301F-11D3-BF4B-00C04F79EFBC}") = "Delegados2", "Delegados2\Delegados2.csproj", "{C68BF674-168B-4698-BB76-AAE8149B4164}"
EndProject
Global
	GlobalSection(SolutionConfigurationPlatforms) = preSolution
		Debug|x86 = Debug|x86
		Release|x86 = Release|x86
	EndGlobalSection
	GlobalSection(ProjectConfigurationPlatforms) = postSolution
		{C68BF674-168B-4698-BB76-AAE8149B4164}.Debug|x86.ActiveCfg = Debug|x86
		{C68BF674-168B-4698-BB76-AAE8149B4164}.Debug|x86.Build.0 = Debug|x86
		{C68BF674-168B-4698-BB76-AAE8149B4164}.Release|x86.ActiveCfg = Release|x86
		{C68BF674-168B-4698-BB76-AAE8149B4164}.Release|x86.Build.0 = Release|x86
	EndGlobalSection
	GlobalSection(MonoDevelopProperties) = preSolution
		StartupItem = Delegados2\Delegados2.csproj
	EndGlobalSection
EndGlobal
